
Microsoft Visual Studio Solution File, Format Version 12.00
# Visual Studio Version 17
VisualStudioVersion = 17.5.33424.131
MinimumVisualStudioVersion = 10.0.40219.1
Project("{8BC9CEB8-8B4A-11D0-8D11-00A0C91BC942}") = "Project2", "Project2.vcxproj", "{E469DA39-AF9A-4E90-ADEC-177AC7DA5FF7}"
EndProject
Global
	GlobalSection(SolutionConfigurationPlatforms) = preSolution
		Debug|x64 = Debug|x64
		Debug|x86 = Debug|x86
		Release|x64 = Release|x64
		Release|x86 = Release|x86
	EndGlobalSection
	GlobalSection(ProjectConfigurationPlatforms) = postSolution
		{E469DA39-AF9A-4E90-ADEC-177AC7DA5FF7}.Debug|x64.ActiveCfg = Debug|x64
		{E469DA39-AF9A-4E90-ADEC-177AC7DA5FF7}.Debug|x64.Build.0 = Debug|x64
		{E469DA39-AF9A-4E90-ADEC-177AC7DA5FF7}.Debug|x86.ActiveCfg = Debug|Win32
		{E469DA39-AF9A-4E90-ADEC-177AC7DA5FF7}.Debug|x86.Build.0 = Debug|Win32
		{E469DA39-AF9A-4E90-ADEC-177AC7DA5FF7}.Release|x64.ActiveCfg = Release|x64
		{E469DA39-AF9A-4E90-ADEC-177AC7DA5FF7}.Release|x64.Build.0 = Release|x64
		{E469DA39-AF9A-4E90-ADEC-177AC7DA5FF7}.Release|x86.ActiveCfg = Release|Win32
		{E469DA39-AF9A-4E90-ADEC-177AC7DA5FF7}.Release|x86.Build.0 = Release|Win32
	EndGlobalSection
	GlobalSection(SolutionProperties) = preSolution
		HideSolutionNode = FALSE
	EndGlobalSection
	GlobalSection(ExtensibilityGlobals) = postSolution
		SolutionGuid = {A671042A-62C7-4633-82BF-42BC39794AD8}
	EndGlobalSection
EndGlobal
